
Microsoft Visual Studio Solution File, Format Version 12.00
# Visual Studio 15
VisualStudioVersion = 15.0.28010.2003
MinimumVisualStudioVersion = 10.0.40219.1
Project("{FAE04EC0-301F-11D3-BF4B-00C04F79EFBC}") = "ServiceValidation.Presentation", "ServiceValidation.Presentation\ServiceValidation.Presentation.csproj", "{9403EC72-2A14-42EF-846F-16989CA34907}"
EndProject
Global
	GlobalSection(SolutionConfigurationPlatforms) = preSolution
		Debug|Any CPU = Debug|Any CPU
		Release|Any CPU = Release|Any CPU
	EndGlobalSection
	GlobalSection(ProjectConfigurationPlatforms) = postSolution
		{9403EC72-2A14-42EF-846F-16989CA34907}.Debug|Any CPU.ActiveCfg = Debug|Any CPU
		{9403EC72-2A14-42EF-846F-16989CA34907}.Debug|Any CPU.Build.0 = Debug|Any CPU
		{9403EC72-2A14-42EF-846F-16989CA34907}.Release|Any CPU.ActiveCfg = Release|Any CPU
		{9403EC72-2A14-42EF-846F-16989CA34907}.Release|Any CPU.Build.0 = Release|Any CPU
	EndGlobalSection
	GlobalSection(SolutionProperties) = preSolution
		HideSolutionNode = FALSE
	EndGlobalSection
	GlobalSection(ExtensibilityGlobals) = postSolution
		SolutionGuid = {13A44D87-8B55-41F5-8589-35501A8AEA59}
	EndGlobalSection
EndGlobal
